
Microsoft Visual Studio Solution File, Format Version 12.00
# Visual Studio 15
VisualStudioVersion = 15.0.27703.2047
MinimumVisualStudioVersion = 10.0.40219.1
Project("{FAE04EC0-301F-11D3-BF4B-00C04F79EFBC}") = "PracticaCanvas", "PracticaCanvas\PracticaCanvas.csproj", "{330A1167-24C2-4999-945E-B7EF984FF71A}"
EndProject
Global
	GlobalSection(SolutionConfigurationPlatforms) = preSolution
		Debug|Any CPU = Debug|Any CPU
		Release|Any CPU = Release|Any CPU
	EndGlobalSection
	GlobalSection(ProjectConfigurationPlatforms) = postSolution
		{330A1167-24C2-4999-945E-B7EF984FF71A}.Debug|Any CPU.ActiveCfg = Debug|Any CPU
		{330A1167-24C2-4999-945E-B7EF984FF71A}.Debug|Any CPU.Build.0 = Debug|Any CPU
		{330A1167-24C2-4999-945E-B7EF984FF71A}.Release|Any CPU.ActiveCfg = Release|Any CPU
		{330A1167-24C2-4999-945E-B7EF984FF71A}.Release|Any CPU.Build.0 = Release|Any CPU
	EndGlobalSection
	GlobalSection(SolutionProperties) = preSolution
		HideSolutionNode = FALSE
	EndGlobalSection
	GlobalSection(ExtensibilityGlobals) = postSolution
		SolutionGuid = {4D5A3368-9442-4C8D-9855-175DE78EF32A}
	EndGlobalSection
EndGlobal
